// !$*UTF8*$!
{
	archiveVersion = 1;
	classes = {
	};
	objectVersion = 46;
	objects = {

/* Begin PBXBuildFile section */
		1B790B561B53519F0080F4DC /* main.m in Sources */ = {isa = PBXBuildFile; fileRef = 1B790B551B53519F0080F4DC /* main.m */; };
		1B790B591B53519F0080F4DC /* AppDelegate.m in Sources */ = {isa = PBXBuildFile; fileRef = 1B790B581B53519F0080F4DC /* AppDelegate.m */; };
		1B790B5F1B53519F0080F4DC /* Main.storyboard in Resources */ = {isa = PBXBuildFile; fileRef = 1B790B5D1B53519F0080F4DC /* Main.storyboard */; };
		1B790B611B53519F0080F4DC /* Images.xcassets in Resources */ = {isa = PBXBuildFile; fileRef = 1B790B601B53519F0080F4DC /* Images.xcassets */; };
		1B790B641B5351A00080F4DC /* LaunchScreen.xib in Resources */ = {isa = PBXBuildFile; fileRef = 1B790B621B5351A00080F4DC /* LaunchScreen.xib */; };
		1B790B701B5351A00080F4DC /* CoolTableTests.m in Sources */ = {isa = PBXBuildFile; fileRef = 1B790B6F1B5351A00080F4DC /* CoolTableTests.m */; };
		1B790B7B1B5351DF0080F4DC /* CoolTableViewController.m in Sources */ = {isa = PBXBuildFile; fileRef = 1B790B7A1B5351DF0080F4DC /* CoolTableViewController.m */; };
		1B790B7E1B53686A0080F4DC /* CustomCellBackground.m in Sources */ = {isa = PBXBuildFile; fileRef = 1B790B7D1B53686A0080F4DC /* CustomCellBackground.m */; };
		1B790B811B5378400080F4DC /* Common.m in Sources */ = {isa = PBXBuildFile; fileRef = 1B790B801B5378400080F4DC /* Common.m */; };
/* End PBXBuildFile section */

/* Begin PBXContainerItemProxy section */
		1B790B6A1B5351A00080F4DC /* PBXContainerItemProxy */ = {
			isa = PBXContainerItemProxy;
			containerPortal = 1B790B481B53519F0080F4DC /* Project object */;
			proxyType = 1;
			remoteGlobalIDString = 1B790B4F1B53519F0080F4DC;
			remoteInfo = CoolTable;
		};
/* End PBXContainerItemProxy section */

/* Begin PBXFileReference section */
		1B790B501B53519F0080F4DC /* CoolTable.app */ = {isa = PBXFileReference; explicitFileType = wrapper.application; includeInIndex = 0; path = CoolTable.app; sourceTree = BUILT_PRODUCTS_DIR; };
		1B790B541B53519F0080F4DC /* Info.plist */ = {isa = PBXFileReference; lastKnownFileType = text.plist.xml; path = Info.plist; sourceTree = "<group>"; };
		1B790B551B53519F0080F4DC /* main.m */ = {isa = PBXFileReference; lastKnownFileType = sourcecode.c.objc; path = main.m; sourceTree = "<group>"; };
		1B790B571B53519F0080F4DC /* AppDelegate.h */ = {isa = PBXFileReference; lastKnownFileType = sourcecode.c.h; path = AppDelegate.h; sourceTree = "<group>"; };
		1B790B581B53519F0080F4DC /* AppDelegate.m */ = {isa = PBXFileReference; lastKnownFileType = sourcecode.c.objc; path = AppDelegate.m; sourceTree = "<group>"; };
		1B790B5E1B53519F0080F4DC /* Base */ = {isa = PBXFileReference; lastKnownFileType = file.storyboard; name = Base; path = Base.lproj/Main.storyboard; sourceTree = "<group>"; };
		1B790B601B53519F0080F4DC /* Images.xcassets */ = {isa = PBXFileReference; lastKnownFileType = folder.assetcatalog; path = Images.xcassets; sourceTree = "<group>"; };
		1B790B631B5351A00080F4DC /* Base */ = {isa = PBXFileReference; lastKnownFileType = file.xib; name = Base; path = Base.lproj/LaunchScreen.xib; sourceTree = "<group>"; };
		1B790B691B5351A00080F4DC /* CoolTableTests.xctest */ = {isa = PBXFileReference; explicitFileType = wrapper.cfbundle; includeInIndex = 0; path = CoolTableTests.xctest; sourceTree = BUILT_PRODUCTS_DIR; };
		1B790B6E1B5351A00080F4DC /* Info.plist */ = {isa = PBXFileReference; lastKnownFileType = text.plist.xml; path = Info.plist; sourceTree = "<group>"; };
		1B790B6F1B5351A00080F4DC /* CoolTableTests.m */ = {isa = PBXFileReference; lastKnownFileType = sourcecode.c.objc; path = CoolTableTests.m; sourceTree = "<group>"; };
		1B790B791B5351DF0080F4DC /* CoolTableViewController.h */ = {isa = PBXFileReference; fileEncoding = 4; lastKnownFileType = sourcecode.c.h; path = CoolTableViewController.h; sourceTree = "<group>"; };
		1B790B7A1B5351DF0080F4DC /* CoolTableViewController.m */ = {isa = PBXFileReference; fileEncoding = 4; lastKnownFileType = sourcecode.c.objc; path = CoolTableViewController.m; sourceTree = "<group>"; };
		1B790B7C1B53686A0080F4DC /* CustomCellBackground.h */ = {isa = PBXFileReference; fileEncoding = 4; lastKnownFileType = sourcecode.c.h; path = CustomCellBackground.h; sourceTree = "<group>"; };
		1B790B7D1B53686A0080F4DC /* CustomCellBackground.m */ = {isa = PBXFileReference; fileEncoding = 4; lastKnownFileType = sourcecode.c.objc; path = CustomCellBackground.m; sourceTree = "<group>"; };
		1B790B7F1B5378400080F4DC /* Common.h */ = {isa = PBXFileReference; fileEncoding = 4; lastKnownFileType = sourcecode.c.h; path = Common.h; sourceTree = "<group>"; };
		1B790B801B5378400080F4DC /* Common.m */ = {isa = PBXFileReference; fileEncoding = 4; lastKnownFileType = sourcecode.c.objc; path = Common.m; sourceTree = "<group>"; };
/* End PBXFileReference section */

/* Begin PBXFrameworksBuildPhase section */
		1B790B4D1B53519F0080F4DC /* Frameworks */ = {
			isa = PBXFrameworksBuildPhase;
			buildActionMask = 2147483647;
			files = (
			);
			runOnlyForDeploymentPostprocessing = 0;
		};
		1B790B661B5351A00080F4DC /* Frameworks */ = {
			isa = PBXFrameworksBuildPhase;
			buildActionMask = 2147483647;
			files = (
			);
			runOnlyForDeploymentPostprocessing = 0;
		};
/* End PBXFrameworksBuildPhase section */

/* Begin PBXGroup section */
		1B790B471B53519F0080F4DC = {
			isa = PBXGroup;
			children = (
				1B790B521B53519F0080F4DC /* CoolTable */,
				1B790B6C1B5351A00080F4DC /* CoolTableTests */,
				1B790B511B53519F0080F4DC /* Products */,
			);
			sourceTree = "<group>";
		};
		1B790B511B53519F0080F4DC /* Products */ = {
			isa = PBXGroup;
			children = (
				1B790B501B53519F0080F4DC /* CoolTable.app */,
				1B790B691B5351A00080F4DC /* CoolTableTests.xctest */,
			);
			name = Products;
			sourceTree = "<group>";
		};
		1B790B521B53519F0080F4DC /* CoolTable */ = {
			isa = PBXGroup;
			children = (
				1B790B571B53519F0080F4DC /* AppDelegate.h */,
				1B790B581B53519F0080F4DC /* AppDelegate.m */,
				1B790B7F1B5378400080F4DC /* Common.h */,
				1B790B801B5378400080F4DC /* Common.m */,
				1B790B791B5351DF0080F4DC /* CoolTableViewController.h */,
				1B790B7A1B5351DF0080F4DC /* CoolTableViewController.m */,
				1B790B7C1B53686A0080F4DC /* CustomCellBackground.h */,
				1B790B7D1B53686A0080F4DC /* CustomCellBackground.m */,
				1B790B5D1B53519F0080F4DC /* Main.storyboard */,
				1B790B601B53519F0080F4DC /* Images.xcassets */,
				1B790B621B5351A00080F4DC /* LaunchScreen.xib */,
				1B790B531B53519F0080F4DC /* Supporting Files */,
			);
			path = CoolTable;
			sourceTree = "<group>";
		};
		1B790B531B53519F0080F4DC /* Supporting Files */ = {
			isa = PBXGroup;
			children = (
				1B790B541B53519F0080F4DC /* Info.plist */,
				1B790B551B53519F0080F4DC /* main.m */,
			);
			name = "Supporting Files";
			sourceTree = "<group>";
		};
		1B790B6C1B5351A00080F4DC /* CoolTableTests */ = {
			isa = PBXGroup;
			children = (
				1B790B6F1B5351A00080F4DC /* CoolTableTests.m */,
				1B790B6D1B5351A00080F4DC /* Supporting Files */,
			);
			path = CoolTableTests;
			sourceTree = "<group>";
		};
		1B790B6D1B5351A00080F4DC /* Supporting Files */ = {
			isa = PBXGroup;
			children = (
				1B790B6E1B5351A00080F4DC /* Info.plist */,
			);
			name = "Supporting Files";
			sourceTree = "<group>";
		};
/* End PBXGroup section */

/* Begin PBXNativeTarget section */
		1B790B4F1B53519F0080F4DC /* CoolTable */ = {
			isa = PBXNativeTarget;
			buildConfigurationList = 1B790B731B5351A00080F4DC /* Build configuration list for PBXNativeTarget "CoolTable" */;
			buildPhases = (
				1B790B4C1B53519F0080F4DC /* Sources */,
				1B790B4D1B53519F0080F4DC /* Frameworks */,
				1B790B4E1B53519F0080F4DC /* Resources */,
			);
			buildRules = (
			);
			dependencies = (
			);
			name = CoolTable;
			productName = CoolTable;
			productReference = 1B790B501B53519F0080F4DC /* CoolTable.app */;
			productType = "com.apple.product-type.application";
		};
		1B790B681B5351A00080F4DC /* CoolTableTests */ = {
			isa = PBXNativeTarget;
			buildConfigurationList = 1B790B761B5351A00080F4DC /* Build configuration list for PBXNativeTarget "CoolTableTests" */;
			buildPhases = (
				1B790B651B5351A00080F4DC /* Sources */,
				1B790B661B5351A00080F4DC /* Frameworks */,
				1B790B671B5351A00080F4DC /* Resources */,
			);
			buildRules = (
			);
			dependencies = (
				1B790B6B1B5351A00080F4DC /* PBXTargetDependency */,
			);
			name = CoolTableTests;
			productName = CoolTableTests;
			productReference = 1B790B691B5351A00080F4DC /* CoolTableTests.xctest */;
			productType = "com.apple.product-type.bundle.unit-test";
		};
/* End PBXNativeTarget section */

/* Begin PBXProject section */
		1B790B481B53519F0080F4DC /* Project object */ = {
			isa = PBXProject;
			attributes = {
				LastUpgradeCheck = 0640;
				ORGANIZATIONNAME = Netease;
				TargetAttributes = {
					1B790B4F1B53519F0080F4DC = {
						CreatedOnToolsVersion = 6.4;
					};
					1B790B681B5351A00080F4DC = {
						CreatedOnToolsVersion = 6.4;
						TestTargetID = 1B790B4F1B53519F0080F4DC;
					};
				};
			};
			buildConfigurationList = 1B790B4B1B53519F0080F4DC /* Build configuration list for PBXProject "CoolTable" */;
			compatibilityVersion = "Xcode 3.2";
			developmentRegion = English;
			hasScannedForEncodings = 0;
			knownRegions = (
				en,
				Base,
			);
			mainGroup = 1B790B471B53519F0080F4DC;
			productRefGroup = 1B790B511B53519F0080F4DC /* Products */;
			projectDirPath = "";
			projectRoot = "";
			targets = (
				1B790B4F1B53519F0080F4DC /* CoolTable */,
				1B790B681B5351A00080F4DC /* CoolTableTests */,
			);
		};
/* End PBXProject section */

/* Begin PBXResourcesBuildPhase section */
		1B790B4E1B53519F0080F4DC /* Resources */ = {
			isa = PBXResourcesBuildPhase;
			buildActionMask = 2147483647;
			files = (
				1B790B5F1B53519F0080F4DC /* Main.storyboard in Resources */,
				1B790B641B5351A00080F4DC /* LaunchScreen.xib in Resources */,
				1B790B611B53519F0080F4DC /* Images.xcassets in Resources */,
			);
			runOnlyForDeploymentPostprocessing = 0;
		};
		1B790B671B5351A00080F4DC /* Resources */ = {
			isa = PBXResourcesBuildPhase;
			buildActionMask = 2147483647;
			files = (
			);
			runOnlyForDeploymentPostprocessing = 0;
		};
/* End PBXResourcesBuildPhase section */

/* Begin PBXSourcesBuildPhase section */
		1B790B4C1B53519F0080F4DC /* Sources */ = {
			isa = PBXSourcesBuildPhase;
			buildActionMask = 2147483647;
			files = (
				1B790B7E1B53686A0080F4DC /* CustomCellBackground.m in Sources */,
				1B790B591B53519F0080F4DC /* AppDelegate.m in Sources */,
				1B790B811B5378400080F4DC /* Common.m in Sources */,
				1B790B7B1B5351DF0080F4DC /* CoolTableViewController.m in Sources */,
				1B790B561B53519F0080F4DC /* main.m in Sources */,
			);
			runOnlyForDeploymentPostprocessing = 0;
		};
		1B790B651B5351A00080F4DC /* Sources */ = {
			isa = PBXSourcesBuildPhase;
			buildActionMask = 2147483647;
			files = (
				1B790B701B5351A00080F4DC /* CoolTableTests.m in Sources */,
			);
			runOnlyForDeploymentPostprocessing = 0;
		};
/* End PBXSourcesBuildPhase section */

/* Begin PBXTargetDependency section */
		1B790B6B1B5351A00080F4DC /* PBXTargetDependency */ = {
			isa = PBXTargetDependency;
			target = 1B790B4F1B53519F0080F4DC /* CoolTable */;
			targetProxy = 1B790B6A1B5351A00080F4DC /* PBXContainerItemProxy */;
		};
/* End PBXTargetDependency section */

/* Begin PBXVariantGroup section */
		1B790B5D1B53519F0080F4DC /* Main.storyboard */ = {
			isa = PBXVariantGroup;
			children = (
				1B790B5E1B53519F0080F4DC /* Base */,
			);
			name = Main.storyboard;
			sourceTree = "<group>";
		};
		1B790B621B5351A00080F4DC /* LaunchScreen.xib */ = {
			isa = PBXVariantGroup;
			children = (
				1B790B631B5351A00080F4DC /* Base */,
			);
			name = LaunchScreen.xib;
			sourceTree = "<group>";
		};
/* End PBXVariantGroup section */

/* Begin XCBuildConfiguration section */
		1B790B711B5351A00080F4DC /* Debug */ = {
			isa = XCBuildConfiguration;
			buildSettings = {
				ALWAYS_SEARCH_USER_PATHS = NO;
				CLANG_CXX_LANGUAGE_STANDARD = "gnu++0x";
				CLANG_CXX_LIBRARY = "libc++";
				CLANG_ENABLE_MODULES = YES;
				CLANG_ENABLE_OBJC_ARC = YES;
				CLANG_WARN_BOOL_CONVERSION = YES;
				CLANG_WARN_CONSTANT_CONVERSION = YES;
				CLANG_WARN_DIRECT_OBJC_ISA_USAGE = YES_ERROR;
				CLANG_WARN_EMPTY_BODY = YES;
				CLANG_WARN_ENUM_CONVERSION = YES;
				CLANG_WARN_INT_CONVERSION = YES;
				CLANG_WARN_OBJC_ROOT_CLASS = YES_ERROR;
				CLANG_WARN_UNREACHABLE_CODE = YES;
				CLANG_WARN__DUPLICATE_METHOD_MATCH = YES;
				"CODE_SIGN_IDENTITY[sdk=iphoneos*]" = "iPhone Developer";
				COPY_PHASE_STRIP = NO;
				DEBUG_INFORMATION_FORMAT = "dwarf-with-dsym";
				ENABLE_STRICT_OBJC_MSGSEND = YES;
				GCC_C_LANGUAGE_STANDARD = gnu99;
				GCC_DYNAMIC_NO_PIC = NO;
				GCC_NO_COMMON_BLOCKS = YES;
				GCC_OPTIMIZATION_LEVEL = 0;
				GCC_PREPROCESSOR_DEFINITIONS = (
					"DEBUG=1",
					"$(inherited)",
				);
				GCC_SYMBOLS_PRIVATE_EXTERN = NO;
				GCC_WARN_64_TO_32_BIT_CONVERSION = YES;
				GCC_WARN_ABOUT_RETURN_TYPE = YES_ERROR;
				GCC_WARN_UNDECLARED_SELECTOR = YES;
				GCC_WARN_UNINITIALIZED_AUTOS = YES_AGGRESSIVE;
				GCC_WARN_UNUSED_FUNCTION = YES;
				GCC_WARN_UNUSED_VARIABLE = YES;
				IPHONEOS_DEPLOYMENT_TARGET = 8.4;
				MTL_ENABLE_DEBUG_INFO = YES;
				ONLY_ACTIVE_ARCH = YES;
				SDKROOT = iphoneos;
			};
			name = Debug;
		};
		1B790B721B5351A00080F4DC /* Release */ = {
			isa = XCBuildConfiguration;
			buildSettings = {
				ALWAYS_SEARCH_USER_PATHS = NO;
				CLANG_CXX_LANGUAGE_STANDARD = "gnu++0x";
				CLANG_CXX_LIBRARY = "libc++";
				CLANG_ENABLE_MODULES = YES;
				CLANG_ENABLE_OBJC_ARC = YES;
				CLANG_WARN_BOOL_CONVERSION = YES;
				CLANG_WARN_CONSTANT_CONVERSION = YES;
				CLANG_WARN_DIRECT_OBJC_ISA_USAGE = YES_ERROR;
				CLANG_WARN_EMPTY_BODY = YES;
				CLANG_WARN_ENUM_CONVERSION = YES;
				CLANG_WARN_INT_CONVERSION = YES;
				CLANG_WARN_OBJC_ROOT_CLASS = YES_ERROR;
				CLANG_WARN_UNREACHABLE_CODE = YES;
				CLANG_WARN__DUPLICATE_METHOD_MATCH = YES;
				"CODE_SIGN_IDENTITY[sdk=iphoneos*]" = "iPhone Developer";
				COPY_PHASE_STRIP = NO;
				DEBUG_INFORMATION_FORMAT = "dwarf-with-dsym";
				ENABLE_NS_ASSERTIONS = NO;
				ENABLE_STRICT_OBJC_MSGSEND = YES;
				GCC_C_LANGUAGE_STANDARD = gnu99;
				GCC_NO_COMMON_BLOCKS = YES;
				GCC_WARN_64_TO_32_BIT_CONVERSION = YES;
				GCC_WARN_ABOUT_RETURN_TYPE = YES_ERROR;
				GCC_WARN_UNDECLARED_SELECTOR = YES;
				GCC_WARN_UNINITIALIZED_AUTOS = YES_AGGRESSIVE;
				GCC_WARN_UNUSED_FUNCTION = YES;
				GCC_WARN_UNUSED_VARIABLE = YES;
				IPHONEOS_DEPLOYMENT_TARGET = 8.4;
				MTL_ENABLE_DEBUG_INFO = NO;
				SDKROOT = iphoneos;
				VALIDATE_PRODUCT = YES;
			};
			name = Release;
		};
		1B790B741B5351A00080F4DC /* Debug */ = {
			isa = XCBuildConfiguration;
			buildSettings = {
				ASSETCATALOG_COMPILER_APPICON_NAME = AppIcon;
				INFOPLIST_FILE = CoolTable/Info.plist;
				LD_RUNPATH_SEARCH_PATHS = "$(inherited) @executable_path/Frameworks";
				PRODUCT_NAME = "$(TARGET_NAME)";
			};
			name = Debug;
		};
		1B790B751B5351A00080F4DC /* Release */ = {
			isa = XCBuildConfiguration;
			buildSettings = {
				ASSETCATALOG_COMPILER_APPICON_NAME = AppIcon;
				INFOPLIST_FILE = CoolTable/Info.plist;
				LD_RUNPATH_SEARCH_PATHS = "$(inherited) @executable_path/Frameworks";
				PRODUCT_NAME = "$(TARGET_NAME)";
			};
			name = Release;
		};
		1B790B771B5351A00080F4DC /* Debug */ = {
			isa = XCBuildConfiguration;
			buildSettings = {
				BUNDLE_LOADER = "$(TEST_HOST)";
				FRAMEWORK_SEARCH_PATHS = (
					"$(SDKROOT)/Developer/Library/Frameworks",
					"$(inherited)",
				);
				GCC_PREPROCESSOR_DEFINITIONS = (
					"DEBUG=1",
					"$(inherited)",
				);
				INFOPLIST_FILE = CoolTableTests/Info.plist;
				LD_RUNPATH_SEARCH_PATHS = "$(inherited) @executable_path/Frameworks @loader_path/Frameworks";
				PRODUCT_NAME = "$(TARGET_NAME)";
				TEST_HOST = "$(BUILT_PRODUCTS_DIR)/CoolTable.app/CoolTable";
			};
			name = Debug;
		};
		1B790B781B5351A00080F4DC /* Release */ = {
			isa = XCBuildConfiguration;
			buildSettings = {
				BUNDLE_LOADER = "$(TEST_HOST)";
				FRAMEWORK_SEARCH_PATHS = (
					"$(SDKROOT)/Developer/Library/Frameworks",
					"$(inherited)",
				);
				INFOPLIST_FILE = CoolTableTests/Info.plist;
				LD_RUNPATH_SEARCH_PATHS = "$(inherited) @executable_path/Frameworks @loader_path/Frameworks";
				PRODUCT_NAME = "$(TARGET_NAME)";
				TEST_HOST = "$(BUILT_PRODUCTS_DIR)/CoolTable.app/CoolTable";
			};
			name = Release;
		};
/* End XCBuildConfiguration section */

/* Begin XCConfigurationList section */
		1B790B4B1B53519F0080F4DC /* Build configuration list for PBXProject "CoolTable" */ = {
			isa = XCConfigurationList;
			buildConfigurations = (
				1B790B711B5351A00080F4DC /* Debug */,
				1B790B721B5351A00080F4DC /* Release */,
			);
			defaultConfigurationIsVisible = 0;
			defaultConfigurationName = Release;
		};
		1B790B731B5351A00080F4DC /* Build configuration list for PBXNativeTarget "CoolTable" */ = {
			isa = XCConfigurationList;
			buildConfigurations = (
				1B790B741B5351A00080F4DC /* Debug */,
				1B790B751B5351A00080F4DC /* Release */,
			);
			defaultConfigurationIsVisible = 0;
		};
		1B790B761B5351A00080F4DC /* Build configuration list for PBXNativeTarget "CoolTableTests" */ = {
			isa = XCConfigurationList;
			buildConfigurations = (
				1B790B771B5351A00080F4DC /* Debug */,
				1B790B781B5351A00080F4DC /* Release */,
			);
			defaultConfigurationIsVisible = 0;
		};
/* End XCConfigurationList section */
	};
	rootObject = 1B790B481B53519F0080F4DC /* Project object */;
}
