// !$*UTF8*$!
{
	archiveVersion = 1;
	classes = {
	};
	objectVersion = 46;
	objects = {

/* Begin PBXBuildFile section */
		1BC3E5BE1ADD42FA00EC0764 /* main.m in Sources */ = {isa = PBXBuildFile; fileRef = 1BC3E5BD1ADD42FA00EC0764 /* main.m */; };
		1BC3E5C11ADD42FA00EC0764 /* AppDelegate.m in Sources */ = {isa = PBXBuildFile; fileRef = 1BC3E5C01ADD42FA00EC0764 /* AppDelegate.m */; };
		1BC3E5C71ADD42FA00EC0764 /* Main.storyboard in Resources */ = {isa = PBXBuildFile; fileRef = 1BC3E5C51ADD42FA00EC0764 /* Main.storyboard */; };
		1BC3E5C91ADD42FA00EC0764 /* Images.xcassets in Resources */ = {isa = PBXBuildFile; fileRef = 1BC3E5C81ADD42FA00EC0764 /* Images.xcassets */; };
		1BC3E5CC1ADD42FA00EC0764 /* LaunchScreen.xib in Resources */ = {isa = PBXBuildFile; fileRef = 1BC3E5CA1ADD42FA00EC0764 /* LaunchScreen.xib */; };
		1BC3E5D81ADD42FA00EC0764 /* QuoteQuizTests.m in Sources */ = {isa = PBXBuildFile; fileRef = 1BC3E5D71ADD42FA00EC0764 /* QuoteQuizTests.m */; };
		1BC3E5E31ADF4B4600EC0764 /* Quiz.m in Sources */ = {isa = PBXBuildFile; fileRef = 1BC3E5E21ADF4B4600EC0764 /* Quiz.m */; };
		1BC3E5E61ADF4E5700EC0764 /* QuoteQuizViewController.m in Sources */ = {isa = PBXBuildFile; fileRef = 1BC3E5E51ADF4E5700EC0764 /* QuoteQuizViewController.m */; };
		1BC3E5E81ADF4EF000EC0764 /* quotes.plist in Resources */ = {isa = PBXBuildFile; fileRef = 1BC3E5E71ADF4EF000EC0764 /* quotes.plist */; };
		1BC3E5EB1ADF8E5100EC0764 /* QuizTipViewController.m in Sources */ = {isa = PBXBuildFile; fileRef = 1BC3E5EA1ADF8E5100EC0764 /* QuizTipViewController.m */; };
/* End PBXBuildFile section */

/* Begin PBXContainerItemProxy section */
		1BC3E5D21ADD42FA00EC0764 /* PBXContainerItemProxy */ = {
			isa = PBXContainerItemProxy;
			containerPortal = 1BC3E5B01ADD42FA00EC0764 /* Project object */;
			proxyType = 1;
			remoteGlobalIDString = 1BC3E5B71ADD42FA00EC0764;
			remoteInfo = QuoteQuiz;
		};
/* End PBXContainerItemProxy section */

/* Begin PBXFileReference section */
		1BC3E5B81ADD42FA00EC0764 /* QuoteQuiz.app */ = {isa = PBXFileReference; explicitFileType = wrapper.application; includeInIndex = 0; path = QuoteQuiz.app; sourceTree = BUILT_PRODUCTS_DIR; };
		1BC3E5BC1ADD42FA00EC0764 /* Info.plist */ = {isa = PBXFileReference; lastKnownFileType = text.plist.xml; path = Info.plist; sourceTree = "<group>"; };
		1BC3E5BD1ADD42FA00EC0764 /* main.m */ = {isa = PBXFileReference; lastKnownFileType = sourcecode.c.objc; path = main.m; sourceTree = "<group>"; };
		1BC3E5BF1ADD42FA00EC0764 /* AppDelegate.h */ = {isa = PBXFileReference; lastKnownFileType = sourcecode.c.h; path = AppDelegate.h; sourceTree = "<group>"; };
		1BC3E5C01ADD42FA00EC0764 /* AppDelegate.m */ = {isa = PBXFileReference; lastKnownFileType = sourcecode.c.objc; path = AppDelegate.m; sourceTree = "<group>"; };
		1BC3E5C61ADD42FA00EC0764 /* Base */ = {isa = PBXFileReference; lastKnownFileType = file.storyboard; name = Base; path = Base.lproj/Main.storyboard; sourceTree = "<group>"; };
		1BC3E5C81ADD42FA00EC0764 /* Images.xcassets */ = {isa = PBXFileReference; lastKnownFileType = folder.assetcatalog; path = Images.xcassets; sourceTree = "<group>"; };
		1BC3E5CB1ADD42FA00EC0764 /* Base */ = {isa = PBXFileReference; lastKnownFileType = file.xib; name = Base; path = Base.lproj/LaunchScreen.xib; sourceTree = "<group>"; };
		1BC3E5D11ADD42FA00EC0764 /* QuoteQuizTests.xctest */ = {isa = PBXFileReference; explicitFileType = wrapper.cfbundle; includeInIndex = 0; path = QuoteQuizTests.xctest; sourceTree = BUILT_PRODUCTS_DIR; };
		1BC3E5D61ADD42FA00EC0764 /* Info.plist */ = {isa = PBXFileReference; lastKnownFileType = text.plist.xml; path = Info.plist; sourceTree = "<group>"; };
		1BC3E5D71ADD42FA00EC0764 /* QuoteQuizTests.m */ = {isa = PBXFileReference; lastKnownFileType = sourcecode.c.objc; path = QuoteQuizTests.m; sourceTree = "<group>"; };
		1BC3E5E11ADF4B4600EC0764 /* Quiz.h */ = {isa = PBXFileReference; fileEncoding = 4; lastKnownFileType = sourcecode.c.h; path = Quiz.h; sourceTree = "<group>"; };
		1BC3E5E21ADF4B4600EC0764 /* Quiz.m */ = {isa = PBXFileReference; fileEncoding = 4; lastKnownFileType = sourcecode.c.objc; path = Quiz.m; sourceTree = "<group>"; };
		1BC3E5E41ADF4E5700EC0764 /* QuoteQuizViewController.h */ = {isa = PBXFileReference; fileEncoding = 4; lastKnownFileType = sourcecode.c.h; path = QuoteQuizViewController.h; sourceTree = "<group>"; };
		1BC3E5E51ADF4E5700EC0764 /* QuoteQuizViewController.m */ = {isa = PBXFileReference; fileEncoding = 4; lastKnownFileType = sourcecode.c.objc; path = QuoteQuizViewController.m; sourceTree = "<group>"; };
		1BC3E5E71ADF4EF000EC0764 /* quotes.plist */ = {isa = PBXFileReference; fileEncoding = 4; lastKnownFileType = text.plist.xml; path = quotes.plist; sourceTree = "<group>"; };
		1BC3E5E91ADF8E5100EC0764 /* QuizTipViewController.h */ = {isa = PBXFileReference; fileEncoding = 4; lastKnownFileType = sourcecode.c.h; path = QuizTipViewController.h; sourceTree = "<group>"; };
		1BC3E5EA1ADF8E5100EC0764 /* QuizTipViewController.m */ = {isa = PBXFileReference; fileEncoding = 4; lastKnownFileType = sourcecode.c.objc; path = QuizTipViewController.m; sourceTree = "<group>"; };
/* End PBXFileReference section */

/* Begin PBXFrameworksBuildPhase section */
		1BC3E5B51ADD42FA00EC0764 /* Frameworks */ = {
			isa = PBXFrameworksBuildPhase;
			buildActionMask = 2147483647;
			files = (
			);
			runOnlyForDeploymentPostprocessing = 0;
		};
		1BC3E5CE1ADD42FA00EC0764 /* Frameworks */ = {
			isa = PBXFrameworksBuildPhase;
			buildActionMask = 2147483647;
			files = (
			);
			runOnlyForDeploymentPostprocessing = 0;
		};
/* End PBXFrameworksBuildPhase section */

/* Begin PBXGroup section */
		1BC3E5AF1ADD42FA00EC0764 = {
			isa = PBXGroup;
			children = (
				1BC3E5BA1ADD42FA00EC0764 /* QuoteQuiz */,
				1BC3E5D41ADD42FA00EC0764 /* QuoteQuizTests */,
				1BC3E5B91ADD42FA00EC0764 /* Products */,
			);
			sourceTree = "<group>";
		};
		1BC3E5B91ADD42FA00EC0764 /* Products */ = {
			isa = PBXGroup;
			children = (
				1BC3E5B81ADD42FA00EC0764 /* QuoteQuiz.app */,
				1BC3E5D11ADD42FA00EC0764 /* QuoteQuizTests.xctest */,
			);
			name = Products;
			sourceTree = "<group>";
		};
		1BC3E5BA1ADD42FA00EC0764 /* QuoteQuiz */ = {
			isa = PBXGroup;
			children = (
				1BC3E5BF1ADD42FA00EC0764 /* AppDelegate.h */,
				1BC3E5C01ADD42FA00EC0764 /* AppDelegate.m */,
				1BC3E5E11ADF4B4600EC0764 /* Quiz.h */,
				1BC3E5E21ADF4B4600EC0764 /* Quiz.m */,
				1BC3E5E41ADF4E5700EC0764 /* QuoteQuizViewController.h */,
				1BC3E5E51ADF4E5700EC0764 /* QuoteQuizViewController.m */,
				1BC3E5E91ADF8E5100EC0764 /* QuizTipViewController.h */,
				1BC3E5EA1ADF8E5100EC0764 /* QuizTipViewController.m */,
				1BC3E5C51ADD42FA00EC0764 /* Main.storyboard */,
				1BC3E5C81ADD42FA00EC0764 /* Images.xcassets */,
				1BC3E5CA1ADD42FA00EC0764 /* LaunchScreen.xib */,
				1BC3E5E71ADF4EF000EC0764 /* quotes.plist */,
				1BC3E5BB1ADD42FA00EC0764 /* Supporting Files */,
			);
			path = QuoteQuiz;
			sourceTree = "<group>";
		};
		1BC3E5BB1ADD42FA00EC0764 /* Supporting Files */ = {
			isa = PBXGroup;
			children = (
				1BC3E5BC1ADD42FA00EC0764 /* Info.plist */,
				1BC3E5BD1ADD42FA00EC0764 /* main.m */,
			);
			name = "Supporting Files";
			sourceTree = "<group>";
		};
		1BC3E5D41ADD42FA00EC0764 /* QuoteQuizTests */ = {
			isa = PBXGroup;
			children = (
				1BC3E5D71ADD42FA00EC0764 /* QuoteQuizTests.m */,
				1BC3E5D51ADD42FA00EC0764 /* Supporting Files */,
			);
			path = QuoteQuizTests;
			sourceTree = "<group>";
		};
		1BC3E5D51ADD42FA00EC0764 /* Supporting Files */ = {
			isa = PBXGroup;
			children = (
				1BC3E5D61ADD42FA00EC0764 /* Info.plist */,
			);
			name = "Supporting Files";
			sourceTree = "<group>";
		};
/* End PBXGroup section */

/* Begin PBXNativeTarget section */
		1BC3E5B71ADD42FA00EC0764 /* QuoteQuiz */ = {
			isa = PBXNativeTarget;
			buildConfigurationList = 1BC3E5DB1ADD42FA00EC0764 /* Build configuration list for PBXNativeTarget "QuoteQuiz" */;
			buildPhases = (
				1BC3E5B41ADD42FA00EC0764 /* Sources */,
				1BC3E5B51ADD42FA00EC0764 /* Frameworks */,
				1BC3E5B61ADD42FA00EC0764 /* Resources */,
			);
			buildRules = (
			);
			dependencies = (
			);
			name = QuoteQuiz;
			productName = QuoteQuiz;
			productReference = 1BC3E5B81ADD42FA00EC0764 /* QuoteQuiz.app */;
			productType = "com.apple.product-type.application";
		};
		1BC3E5D01ADD42FA00EC0764 /* QuoteQuizTests */ = {
			isa = PBXNativeTarget;
			buildConfigurationList = 1BC3E5DE1ADD42FA00EC0764 /* Build configuration list for PBXNativeTarget "QuoteQuizTests" */;
			buildPhases = (
				1BC3E5CD1ADD42FA00EC0764 /* Sources */,
				1BC3E5CE1ADD42FA00EC0764 /* Frameworks */,
				1BC3E5CF1ADD42FA00EC0764 /* Resources */,
			);
			buildRules = (
			);
			dependencies = (
				1BC3E5D31ADD42FA00EC0764 /* PBXTargetDependency */,
			);
			name = QuoteQuizTests;
			productName = QuoteQuizTests;
			productReference = 1BC3E5D11ADD42FA00EC0764 /* QuoteQuizTests.xctest */;
			productType = "com.apple.product-type.bundle.unit-test";
		};
/* End PBXNativeTarget section */

/* Begin PBXProject section */
		1BC3E5B01ADD42FA00EC0764 /* Project object */ = {
			isa = PBXProject;
			attributes = {
				LastUpgradeCheck = 0630;
				ORGANIZATIONNAME = yww;
				TargetAttributes = {
					1BC3E5B71ADD42FA00EC0764 = {
						CreatedOnToolsVersion = 6.3;
					};
					1BC3E5D01ADD42FA00EC0764 = {
						CreatedOnToolsVersion = 6.3;
						TestTargetID = 1BC3E5B71ADD42FA00EC0764;
					};
				};
			};
			buildConfigurationList = 1BC3E5B31ADD42FA00EC0764 /* Build configuration list for PBXProject "QuoteQuiz" */;
			compatibilityVersion = "Xcode 3.2";
			developmentRegion = English;
			hasScannedForEncodings = 0;
			knownRegions = (
				en,
				Base,
			);
			mainGroup = 1BC3E5AF1ADD42FA00EC0764;
			productRefGroup = 1BC3E5B91ADD42FA00EC0764 /* Products */;
			projectDirPath = "";
			projectRoot = "";
			targets = (
				1BC3E5B71ADD42FA00EC0764 /* QuoteQuiz */,
				1BC3E5D01ADD42FA00EC0764 /* QuoteQuizTests */,
			);
		};
/* End PBXProject section */

/* Begin PBXResourcesBuildPhase section */
		1BC3E5B61ADD42FA00EC0764 /* Resources */ = {
			isa = PBXResourcesBuildPhase;
			buildActionMask = 2147483647;
			files = (
				1BC3E5C71ADD42FA00EC0764 /* Main.storyboard in Resources */,
				1BC3E5CC1ADD42FA00EC0764 /* LaunchScreen.xib in Resources */,
				1BC3E5C91ADD42FA00EC0764 /* Images.xcassets in Resources */,
				1BC3E5E81ADF4EF000EC0764 /* quotes.plist in Resources */,
			);
			runOnlyForDeploymentPostprocessing = 0;
		};
		1BC3E5CF1ADD42FA00EC0764 /* Resources */ = {
			isa = PBXResourcesBuildPhase;
			buildActionMask = 2147483647;
			files = (
			);
			runOnlyForDeploymentPostprocessing = 0;
		};
/* End PBXResourcesBuildPhase section */

/* Begin PBXSourcesBuildPhase section */
		1BC3E5B41ADD42FA00EC0764 /* Sources */ = {
			isa = PBXSourcesBuildPhase;
			buildActionMask = 2147483647;
			files = (
				1BC3E5C11ADD42FA00EC0764 /* AppDelegate.m in Sources */,
				1BC3E5EB1ADF8E5100EC0764 /* QuizTipViewController.m in Sources */,
				1BC3E5E31ADF4B4600EC0764 /* Quiz.m in Sources */,
				1BC3E5E61ADF4E5700EC0764 /* QuoteQuizViewController.m in Sources */,
				1BC3E5BE1ADD42FA00EC0764 /* main.m in Sources */,
			);
			runOnlyForDeploymentPostprocessing = 0;
		};
		1BC3E5CD1ADD42FA00EC0764 /* Sources */ = {
			isa = PBXSourcesBuildPhase;
			buildActionMask = 2147483647;
			files = (
				1BC3E5D81ADD42FA00EC0764 /* QuoteQuizTests.m in Sources */,
			);
			runOnlyForDeploymentPostprocessing = 0;
		};
/* End PBXSourcesBuildPhase section */

/* Begin PBXTargetDependency section */
		1BC3E5D31ADD42FA00EC0764 /* PBXTargetDependency */ = {
			isa = PBXTargetDependency;
			target = 1BC3E5B71ADD42FA00EC0764 /* QuoteQuiz */;
			targetProxy = 1BC3E5D21ADD42FA00EC0764 /* PBXContainerItemProxy */;
		};
/* End PBXTargetDependency section */

/* Begin PBXVariantGroup section */
		1BC3E5C51ADD42FA00EC0764 /* Main.storyboard */ = {
			isa = PBXVariantGroup;
			children = (
				1BC3E5C61ADD42FA00EC0764 /* Base */,
			);
			name = Main.storyboard;
			sourceTree = "<group>";
		};
		1BC3E5CA1ADD42FA00EC0764 /* LaunchScreen.xib */ = {
			isa = PBXVariantGroup;
			children = (
				1BC3E5CB1ADD42FA00EC0764 /* Base */,
			);
			name = LaunchScreen.xib;
			sourceTree = "<group>";
		};
/* End PBXVariantGroup section */

/* Begin XCBuildConfiguration section */
		1BC3E5D91ADD42FA00EC0764 /* Debug */ = {
			isa = XCBuildConfiguration;
			buildSettings = {
				ALWAYS_SEARCH_USER_PATHS = NO;
				CLANG_CXX_LANGUAGE_STANDARD = "gnu++0x";
				CLANG_CXX_LIBRARY = "libc++";
				CLANG_ENABLE_MODULES = YES;
				CLANG_ENABLE_OBJC_ARC = YES;
				CLANG_WARN_BOOL_CONVERSION = YES;
				CLANG_WARN_CONSTANT_CONVERSION = YES;
				CLANG_WARN_DIRECT_OBJC_ISA_USAGE = YES_ERROR;
				CLANG_WARN_EMPTY_BODY = YES;
				CLANG_WARN_ENUM_CONVERSION = YES;
				CLANG_WARN_INT_CONVERSION = YES;
				CLANG_WARN_OBJC_ROOT_CLASS = YES_ERROR;
				CLANG_WARN_UNREACHABLE_CODE = YES;
				CLANG_WARN__DUPLICATE_METHOD_MATCH = YES;
				"CODE_SIGN_IDENTITY[sdk=iphoneos*]" = "iPhone Developer";
				COPY_PHASE_STRIP = NO;
				DEBUG_INFORMATION_FORMAT = "dwarf-with-dsym";
				ENABLE_STRICT_OBJC_MSGSEND = YES;
				GCC_C_LANGUAGE_STANDARD = gnu99;
				GCC_DYNAMIC_NO_PIC = NO;
				GCC_NO_COMMON_BLOCKS = YES;
				GCC_OPTIMIZATION_LEVEL = 0;
				GCC_PREPROCESSOR_DEFINITIONS = (
					"DEBUG=1",
					"$(inherited)",
				);
				GCC_SYMBOLS_PRIVATE_EXTERN = NO;
				GCC_WARN_64_TO_32_BIT_CONVERSION = YES;
				GCC_WARN_ABOUT_RETURN_TYPE = YES_ERROR;
				GCC_WARN_UNDECLARED_SELECTOR = YES;
				GCC_WARN_UNINITIALIZED_AUTOS = YES_AGGRESSIVE;
				GCC_WARN_UNUSED_FUNCTION = YES;
				GCC_WARN_UNUSED_VARIABLE = YES;
				IPHONEOS_DEPLOYMENT_TARGET = 8.3;
				MTL_ENABLE_DEBUG_INFO = YES;
				ONLY_ACTIVE_ARCH = YES;
				SDKROOT = iphoneos;
			};
			name = Debug;
		};
		1BC3E5DA1ADD42FA00EC0764 /* Release */ = {
			isa = XCBuildConfiguration;
			buildSettings = {
				ALWAYS_SEARCH_USER_PATHS = NO;
				CLANG_CXX_LANGUAGE_STANDARD = "gnu++0x";
				CLANG_CXX_LIBRARY = "libc++";
				CLANG_ENABLE_MODULES = YES;
				CLANG_ENABLE_OBJC_ARC = YES;
				CLANG_WARN_BOOL_CONVERSION = YES;
				CLANG_WARN_CONSTANT_CONVERSION = YES;
				CLANG_WARN_DIRECT_OBJC_ISA_USAGE = YES_ERROR;
				CLANG_WARN_EMPTY_BODY = YES;
				CLANG_WARN_ENUM_CONVERSION = YES;
				CLANG_WARN_INT_CONVERSION = YES;
				CLANG_WARN_OBJC_ROOT_CLASS = YES_ERROR;
				CLANG_WARN_UNREACHABLE_CODE = YES;
				CLANG_WARN__DUPLICATE_METHOD_MATCH = YES;
				"CODE_SIGN_IDENTITY[sdk=iphoneos*]" = "iPhone Developer";
				COPY_PHASE_STRIP = NO;
				DEBUG_INFORMATION_FORMAT = "dwarf-with-dsym";
				ENABLE_NS_ASSERTIONS = NO;
				ENABLE_STRICT_OBJC_MSGSEND = YES;
				GCC_C_LANGUAGE_STANDARD = gnu99;
				GCC_NO_COMMON_BLOCKS = YES;
				GCC_WARN_64_TO_32_BIT_CONVERSION = YES;
				GCC_WARN_ABOUT_RETURN_TYPE = YES_ERROR;
				GCC_WARN_UNDECLARED_SELECTOR = YES;
				GCC_WARN_UNINITIALIZED_AUTOS = YES_AGGRESSIVE;
				GCC_WARN_UNUSED_FUNCTION = YES;
				GCC_WARN_UNUSED_VARIABLE = YES;
				IPHONEOS_DEPLOYMENT_TARGET = 8.3;
				MTL_ENABLE_DEBUG_INFO = NO;
				SDKROOT = iphoneos;
				VALIDATE_PRODUCT = YES;
			};
			name = Release;
		};
		1BC3E5DC1ADD42FA00EC0764 /* Debug */ = {
			isa = XCBuildConfiguration;
			buildSettings = {
				ASSETCATALOG_COMPILER_APPICON_NAME = AppIcon;
				INFOPLIST_FILE = QuoteQuiz/Info.plist;
				LD_RUNPATH_SEARCH_PATHS = "$(inherited) @executable_path/Frameworks";
				PRODUCT_NAME = "$(TARGET_NAME)";
			};
			name = Debug;
		};
		1BC3E5DD1ADD42FA00EC0764 /* Release */ = {
			isa = XCBuildConfiguration;
			buildSettings = {
				ASSETCATALOG_COMPILER_APPICON_NAME = AppIcon;
				INFOPLIST_FILE = QuoteQuiz/Info.plist;
				LD_RUNPATH_SEARCH_PATHS = "$(inherited) @executable_path/Frameworks";
				PRODUCT_NAME = "$(TARGET_NAME)";
			};
			name = Release;
		};
		1BC3E5DF1ADD42FA00EC0764 /* Debug */ = {
			isa = XCBuildConfiguration;
			buildSettings = {
				BUNDLE_LOADER = "$(TEST_HOST)";
				FRAMEWORK_SEARCH_PATHS = (
					"$(SDKROOT)/Developer/Library/Frameworks",
					"$(inherited)",
				);
				GCC_PREPROCESSOR_DEFINITIONS = (
					"DEBUG=1",
					"$(inherited)",
				);
				INFOPLIST_FILE = QuoteQuizTests/Info.plist;
				LD_RUNPATH_SEARCH_PATHS = "$(inherited) @executable_path/Frameworks @loader_path/Frameworks";
				PRODUCT_NAME = "$(TARGET_NAME)";
				TEST_HOST = "$(BUILT_PRODUCTS_DIR)/QuoteQuiz.app/QuoteQuiz";
			};
			name = Debug;
		};
		1BC3E5E01ADD42FA00EC0764 /* Release */ = {
			isa = XCBuildConfiguration;
			buildSettings = {
				BUNDLE_LOADER = "$(TEST_HOST)";
				FRAMEWORK_SEARCH_PATHS = (
					"$(SDKROOT)/Developer/Library/Frameworks",
					"$(inherited)",
				);
				INFOPLIST_FILE = QuoteQuizTests/Info.plist;
				LD_RUNPATH_SEARCH_PATHS = "$(inherited) @executable_path/Frameworks @loader_path/Frameworks";
				PRODUCT_NAME = "$(TARGET_NAME)";
				TEST_HOST = "$(BUILT_PRODUCTS_DIR)/QuoteQuiz.app/QuoteQuiz";
			};
			name = Release;
		};
/* End XCBuildConfiguration section */

/* Begin XCConfigurationList section */
		1BC3E5B31ADD42FA00EC0764 /* Build configuration list for PBXProject "QuoteQuiz" */ = {
			isa = XCConfigurationList;
			buildConfigurations = (
				1BC3E5D91ADD42FA00EC0764 /* Debug */,
				1BC3E5DA1ADD42FA00EC0764 /* Release */,
			);
			defaultConfigurationIsVisible = 0;
			defaultConfigurationName = Release;
		};
		1BC3E5DB1ADD42FA00EC0764 /* Build configuration list for PBXNativeTarget "QuoteQuiz" */ = {
			isa = XCConfigurationList;
			buildConfigurations = (
				1BC3E5DC1ADD42FA00EC0764 /* Debug */,
				1BC3E5DD1ADD42FA00EC0764 /* Release */,
			);
			defaultConfigurationIsVisible = 0;
		};
		1BC3E5DE1ADD42FA00EC0764 /* Build configuration list for PBXNativeTarget "QuoteQuizTests" */ = {
			isa = XCConfigurationList;
			buildConfigurations = (
				1BC3E5DF1ADD42FA00EC0764 /* Debug */,
				1BC3E5E01ADD42FA00EC0764 /* Release */,
			);
			defaultConfigurationIsVisible = 0;
		};
/* End XCConfigurationList section */
	};
	rootObject = 1BC3E5B01ADD42FA00EC0764 /* Project object */;
}
