// !$*UTF8*$!
{
	archiveVersion = 1;
	classes = {
	};
	objectVersion = 46;
	objects = {

/* Begin PBXBuildFile section */
		1B1C5DE71C8EC804004A4F2E /* main.m in Sources */ = {isa = PBXBuildFile; fileRef = 1B1C5DE61C8EC804004A4F2E /* main.m */; };
		1B1C5DEA1C8EC804004A4F2E /* AppDelegate.m in Sources */ = {isa = PBXBuildFile; fileRef = 1B1C5DE91C8EC804004A4F2E /* AppDelegate.m */; };
		1B1C5DED1C8EC804004A4F2E /* ViewController.m in Sources */ = {isa = PBXBuildFile; fileRef = 1B1C5DEC1C8EC804004A4F2E /* ViewController.m */; };
		1B1C5DF01C8EC804004A4F2E /* Main.storyboard in Resources */ = {isa = PBXBuildFile; fileRef = 1B1C5DEE1C8EC804004A4F2E /* Main.storyboard */; };
		1B1C5DF21C8EC804004A4F2E /* Assets.xcassets in Resources */ = {isa = PBXBuildFile; fileRef = 1B1C5DF11C8EC804004A4F2E /* Assets.xcassets */; };
		1B1C5DF51C8EC804004A4F2E /* LaunchScreen.storyboard in Resources */ = {isa = PBXBuildFile; fileRef = 1B1C5DF31C8EC804004A4F2E /* LaunchScreen.storyboard */; };
		1B1C5DFE1C8ECCF6004A4F2E /* CERangeSlider.m in Sources */ = {isa = PBXBuildFile; fileRef = 1B1C5DFD1C8ECCF6004A4F2E /* CERangeSlider.m */; };
		1B1C5E031C911FE5004A4F2E /* CERangeSliderKnobLayer.m in Sources */ = {isa = PBXBuildFile; fileRef = 1B1C5E021C911FE5004A4F2E /* CERangeSliderKnobLayer.m */; };
		1B1C5E061C915926004A4F2E /* CERangeSliderTrackLayer.m in Sources */ = {isa = PBXBuildFile; fileRef = 1B1C5E051C915926004A4F2E /* CERangeSliderTrackLayer.m */; };
/* End PBXBuildFile section */

/* Begin PBXFileReference section */
		1B1C5DE21C8EC804004A4F2E /* CERangeSlider.app */ = {isa = PBXFileReference; explicitFileType = wrapper.application; includeInIndex = 0; path = CERangeSlider.app; sourceTree = BUILT_PRODUCTS_DIR; };
		1B1C5DE61C8EC804004A4F2E /* main.m */ = {isa = PBXFileReference; lastKnownFileType = sourcecode.c.objc; path = main.m; sourceTree = "<group>"; };
		1B1C5DE81C8EC804004A4F2E /* AppDelegate.h */ = {isa = PBXFileReference; lastKnownFileType = sourcecode.c.h; path = AppDelegate.h; sourceTree = "<group>"; };
		1B1C5DE91C8EC804004A4F2E /* AppDelegate.m */ = {isa = PBXFileReference; lastKnownFileType = sourcecode.c.objc; path = AppDelegate.m; sourceTree = "<group>"; };
		1B1C5DEB1C8EC804004A4F2E /* ViewController.h */ = {isa = PBXFileReference; lastKnownFileType = sourcecode.c.h; path = ViewController.h; sourceTree = "<group>"; };
		1B1C5DEC1C8EC804004A4F2E /* ViewController.m */ = {isa = PBXFileReference; lastKnownFileType = sourcecode.c.objc; path = ViewController.m; sourceTree = "<group>"; };
		1B1C5DEF1C8EC804004A4F2E /* Base */ = {isa = PBXFileReference; lastKnownFileType = file.storyboard; name = Base; path = Base.lproj/Main.storyboard; sourceTree = "<group>"; };
		1B1C5DF11C8EC804004A4F2E /* Assets.xcassets */ = {isa = PBXFileReference; lastKnownFileType = folder.assetcatalog; path = Assets.xcassets; sourceTree = "<group>"; };
		1B1C5DF41C8EC804004A4F2E /* Base */ = {isa = PBXFileReference; lastKnownFileType = file.storyboard; name = Base; path = Base.lproj/LaunchScreen.storyboard; sourceTree = "<group>"; };
		1B1C5DF61C8EC804004A4F2E /* Info.plist */ = {isa = PBXFileReference; lastKnownFileType = text.plist.xml; path = Info.plist; sourceTree = "<group>"; };
		1B1C5DFC1C8ECCF6004A4F2E /* CERangeSlider.h */ = {isa = PBXFileReference; fileEncoding = 4; lastKnownFileType = sourcecode.c.h; path = CERangeSlider.h; sourceTree = "<group>"; };
		1B1C5DFD1C8ECCF6004A4F2E /* CERangeSlider.m */ = {isa = PBXFileReference; fileEncoding = 4; lastKnownFileType = sourcecode.c.objc; path = CERangeSlider.m; sourceTree = "<group>"; };
		1B1C5E011C911FE5004A4F2E /* CERangeSliderKnobLayer.h */ = {isa = PBXFileReference; fileEncoding = 4; lastKnownFileType = sourcecode.c.h; path = CERangeSliderKnobLayer.h; sourceTree = "<group>"; };
		1B1C5E021C911FE5004A4F2E /* CERangeSliderKnobLayer.m */ = {isa = PBXFileReference; fileEncoding = 4; lastKnownFileType = sourcecode.c.objc; path = CERangeSliderKnobLayer.m; sourceTree = "<group>"; };
		1B1C5E041C915926004A4F2E /* CERangeSliderTrackLayer.h */ = {isa = PBXFileReference; fileEncoding = 4; lastKnownFileType = sourcecode.c.h; path = CERangeSliderTrackLayer.h; sourceTree = "<group>"; };
		1B1C5E051C915926004A4F2E /* CERangeSliderTrackLayer.m */ = {isa = PBXFileReference; fileEncoding = 4; lastKnownFileType = sourcecode.c.objc; path = CERangeSliderTrackLayer.m; sourceTree = "<group>"; };
/* End PBXFileReference section */

/* Begin PBXFrameworksBuildPhase section */
		1B1C5DDF1C8EC804004A4F2E /* Frameworks */ = {
			isa = PBXFrameworksBuildPhase;
			buildActionMask = 2147483647;
			files = (
			);
			runOnlyForDeploymentPostprocessing = 0;
		};
/* End PBXFrameworksBuildPhase section */

/* Begin PBXGroup section */
		1B1C5DD91C8EC804004A4F2E = {
			isa = PBXGroup;
			children = (
				1B1C5DE41C8EC804004A4F2E /* CERangeSlider */,
				1B1C5DE31C8EC804004A4F2E /* Products */,
			);
			sourceTree = "<group>";
		};
		1B1C5DE31C8EC804004A4F2E /* Products */ = {
			isa = PBXGroup;
			children = (
				1B1C5DE21C8EC804004A4F2E /* CERangeSlider.app */,
			);
			name = Products;
			sourceTree = "<group>";
		};
		1B1C5DE41C8EC804004A4F2E /* CERangeSlider */ = {
			isa = PBXGroup;
			children = (
				1B1C5DE81C8EC804004A4F2E /* AppDelegate.h */,
				1B1C5DE91C8EC804004A4F2E /* AppDelegate.m */,
				1B1C5DEB1C8EC804004A4F2E /* ViewController.h */,
				1B1C5DEC1C8EC804004A4F2E /* ViewController.m */,
				1B1C5DFC1C8ECCF6004A4F2E /* CERangeSlider.h */,
				1B1C5DFD1C8ECCF6004A4F2E /* CERangeSlider.m */,
				1B1C5E011C911FE5004A4F2E /* CERangeSliderKnobLayer.h */,
				1B1C5E021C911FE5004A4F2E /* CERangeSliderKnobLayer.m */,
				1B1C5E041C915926004A4F2E /* CERangeSliderTrackLayer.h */,
				1B1C5E051C915926004A4F2E /* CERangeSliderTrackLayer.m */,
				1B1C5DEE1C8EC804004A4F2E /* Main.storyboard */,
				1B1C5DF11C8EC804004A4F2E /* Assets.xcassets */,
				1B1C5DF31C8EC804004A4F2E /* LaunchScreen.storyboard */,
				1B1C5DF61C8EC804004A4F2E /* Info.plist */,
				1B1C5DE51C8EC804004A4F2E /* Supporting Files */,
			);
			path = CERangeSlider;
			sourceTree = "<group>";
		};
		1B1C5DE51C8EC804004A4F2E /* Supporting Files */ = {
			isa = PBXGroup;
			children = (
				1B1C5DE61C8EC804004A4F2E /* main.m */,
			);
			name = "Supporting Files";
			sourceTree = "<group>";
		};
/* End PBXGroup section */

/* Begin PBXNativeTarget section */
		1B1C5DE11C8EC804004A4F2E /* CERangeSlider */ = {
			isa = PBXNativeTarget;
			buildConfigurationList = 1B1C5DF91C8EC804004A4F2E /* Build configuration list for PBXNativeTarget "CERangeSlider" */;
			buildPhases = (
				1B1C5DDE1C8EC804004A4F2E /* Sources */,
				1B1C5DDF1C8EC804004A4F2E /* Frameworks */,
				1B1C5DE01C8EC804004A4F2E /* Resources */,
			);
			buildRules = (
			);
			dependencies = (
			);
			name = CERangeSlider;
			productName = CERangeSlider;
			productReference = 1B1C5DE21C8EC804004A4F2E /* CERangeSlider.app */;
			productType = "com.apple.product-type.application";
		};
/* End PBXNativeTarget section */

/* Begin PBXProject section */
		1B1C5DDA1C8EC804004A4F2E /* Project object */ = {
			isa = PBXProject;
			attributes = {
				LastUpgradeCheck = 0720;
				ORGANIZATIONNAME = Netease;
				TargetAttributes = {
					1B1C5DE11C8EC804004A4F2E = {
						CreatedOnToolsVersion = 7.2.1;
					};
				};
			};
			buildConfigurationList = 1B1C5DDD1C8EC804004A4F2E /* Build configuration list for PBXProject "CERangeSlider" */;
			compatibilityVersion = "Xcode 3.2";
			developmentRegion = English;
			hasScannedForEncodings = 0;
			knownRegions = (
				en,
				Base,
			);
			mainGroup = 1B1C5DD91C8EC804004A4F2E;
			productRefGroup = 1B1C5DE31C8EC804004A4F2E /* Products */;
			projectDirPath = "";
			projectRoot = "";
			targets = (
				1B1C5DE11C8EC804004A4F2E /* CERangeSlider */,
			);
		};
/* End PBXProject section */

/* Begin PBXResourcesBuildPhase section */
		1B1C5DE01C8EC804004A4F2E /* Resources */ = {
			isa = PBXResourcesBuildPhase;
			buildActionMask = 2147483647;
			files = (
				1B1C5DF51C8EC804004A4F2E /* LaunchScreen.storyboard in Resources */,
				1B1C5DF21C8EC804004A4F2E /* Assets.xcassets in Resources */,
				1B1C5DF01C8EC804004A4F2E /* Main.storyboard in Resources */,
			);
			runOnlyForDeploymentPostprocessing = 0;
		};
/* End PBXResourcesBuildPhase section */

/* Begin PBXSourcesBuildPhase section */
		1B1C5DDE1C8EC804004A4F2E /* Sources */ = {
			isa = PBXSourcesBuildPhase;
			buildActionMask = 2147483647;
			files = (
				1B1C5DED1C8EC804004A4F2E /* ViewController.m in Sources */,
				1B1C5DEA1C8EC804004A4F2E /* AppDelegate.m in Sources */,
				1B1C5E061C915926004A4F2E /* CERangeSliderTrackLayer.m in Sources */,
				1B1C5E031C911FE5004A4F2E /* CERangeSliderKnobLayer.m in Sources */,
				1B1C5DFE1C8ECCF6004A4F2E /* CERangeSlider.m in Sources */,
				1B1C5DE71C8EC804004A4F2E /* main.m in Sources */,
			);
			runOnlyForDeploymentPostprocessing = 0;
		};
/* End PBXSourcesBuildPhase section */

/* Begin PBXVariantGroup section */
		1B1C5DEE1C8EC804004A4F2E /* Main.storyboard */ = {
			isa = PBXVariantGroup;
			children = (
				1B1C5DEF1C8EC804004A4F2E /* Base */,
			);
			name = Main.storyboard;
			sourceTree = "<group>";
		};
		1B1C5DF31C8EC804004A4F2E /* LaunchScreen.storyboard */ = {
			isa = PBXVariantGroup;
			children = (
				1B1C5DF41C8EC804004A4F2E /* Base */,
			);
			name = LaunchScreen.storyboard;
			sourceTree = "<group>";
		};
/* End PBXVariantGroup section */

/* Begin XCBuildConfiguration section */
		1B1C5DF71C8EC804004A4F2E /* Debug */ = {
			isa = XCBuildConfiguration;
			buildSettings = {
				ALWAYS_SEARCH_USER_PATHS = NO;
				CLANG_CXX_LANGUAGE_STANDARD = "gnu++0x";
				CLANG_CXX_LIBRARY = "libc++";
				CLANG_ENABLE_MODULES = YES;
				CLANG_ENABLE_OBJC_ARC = YES;
				CLANG_WARN_BOOL_CONVERSION = YES;
				CLANG_WARN_CONSTANT_CONVERSION = YES;
				CLANG_WARN_DIRECT_OBJC_ISA_USAGE = YES_ERROR;
				CLANG_WARN_EMPTY_BODY = YES;
				CLANG_WARN_ENUM_CONVERSION = YES;
				CLANG_WARN_INT_CONVERSION = YES;
				CLANG_WARN_OBJC_ROOT_CLASS = YES_ERROR;
				CLANG_WARN_UNREACHABLE_CODE = YES;
				CLANG_WARN__DUPLICATE_METHOD_MATCH = YES;
				"CODE_SIGN_IDENTITY[sdk=iphoneos*]" = "iPhone Developer";
				COPY_PHASE_STRIP = NO;
				DEBUG_INFORMATION_FORMAT = dwarf;
				ENABLE_STRICT_OBJC_MSGSEND = YES;
				ENABLE_TESTABILITY = YES;
				GCC_C_LANGUAGE_STANDARD = gnu99;
				GCC_DYNAMIC_NO_PIC = NO;
				GCC_NO_COMMON_BLOCKS = YES;
				GCC_OPTIMIZATION_LEVEL = 0;
				GCC_PREPROCESSOR_DEFINITIONS = (
					"DEBUG=1",
					"$(inherited)",
				);
				GCC_WARN_64_TO_32_BIT_CONVERSION = YES;
				GCC_WARN_ABOUT_RETURN_TYPE = YES_ERROR;
				GCC_WARN_UNDECLARED_SELECTOR = YES;
				GCC_WARN_UNINITIALIZED_AUTOS = YES_AGGRESSIVE;
				GCC_WARN_UNUSED_FUNCTION = YES;
				GCC_WARN_UNUSED_VARIABLE = YES;
				IPHONEOS_DEPLOYMENT_TARGET = 9.2;
				MTL_ENABLE_DEBUG_INFO = YES;
				ONLY_ACTIVE_ARCH = YES;
				SDKROOT = iphoneos;
			};
			name = Debug;
		};
		1B1C5DF81C8EC804004A4F2E /* Release */ = {
			isa = XCBuildConfiguration;
			buildSettings = {
				ALWAYS_SEARCH_USER_PATHS = NO;
				CLANG_CXX_LANGUAGE_STANDARD = "gnu++0x";
				CLANG_CXX_LIBRARY = "libc++";
				CLANG_ENABLE_MODULES = YES;
				CLANG_ENABLE_OBJC_ARC = YES;
				CLANG_WARN_BOOL_CONVERSION = YES;
				CLANG_WARN_CONSTANT_CONVERSION = YES;
				CLANG_WARN_DIRECT_OBJC_ISA_USAGE = YES_ERROR;
				CLANG_WARN_EMPTY_BODY = YES;
				CLANG_WARN_ENUM_CONVERSION = YES;
				CLANG_WARN_INT_CONVERSION = YES;
				CLANG_WARN_OBJC_ROOT_CLASS = YES_ERROR;
				CLANG_WARN_UNREACHABLE_CODE = YES;
				CLANG_WARN__DUPLICATE_METHOD_MATCH = YES;
				"CODE_SIGN_IDENTITY[sdk=iphoneos*]" = "iPhone Developer";
				COPY_PHASE_STRIP = NO;
				DEBUG_INFORMATION_FORMAT = "dwarf-with-dsym";
				ENABLE_NS_ASSERTIONS = NO;
				ENABLE_STRICT_OBJC_MSGSEND = YES;
				GCC_C_LANGUAGE_STANDARD = gnu99;
				GCC_NO_COMMON_BLOCKS = YES;
				GCC_WARN_64_TO_32_BIT_CONVERSION = YES;
				GCC_WARN_ABOUT_RETURN_TYPE = YES_ERROR;
				GCC_WARN_UNDECLARED_SELECTOR = YES;
				GCC_WARN_UNINITIALIZED_AUTOS = YES_AGGRESSIVE;
				GCC_WARN_UNUSED_FUNCTION = YES;
				GCC_WARN_UNUSED_VARIABLE = YES;
				IPHONEOS_DEPLOYMENT_TARGET = 9.2;
				MTL_ENABLE_DEBUG_INFO = NO;
				SDKROOT = iphoneos;
				VALIDATE_PRODUCT = YES;
			};
			name = Release;
		};
		1B1C5DFA1C8EC804004A4F2E /* Debug */ = {
			isa = XCBuildConfiguration;
			buildSettings = {
				ASSETCATALOG_COMPILER_APPICON_NAME = AppIcon;
				INFOPLIST_FILE = CERangeSlider/Info.plist;
				LD_RUNPATH_SEARCH_PATHS = "$(inherited) @executable_path/Frameworks";
				PRODUCT_BUNDLE_IDENTIFIER = com.netease.CERangeSlider;
				PRODUCT_NAME = "$(TARGET_NAME)";
			};
			name = Debug;
		};
		1B1C5DFB1C8EC804004A4F2E /* Release */ = {
			isa = XCBuildConfiguration;
			buildSettings = {
				ASSETCATALOG_COMPILER_APPICON_NAME = AppIcon;
				INFOPLIST_FILE = CERangeSlider/Info.plist;
				LD_RUNPATH_SEARCH_PATHS = "$(inherited) @executable_path/Frameworks";
				PRODUCT_BUNDLE_IDENTIFIER = com.netease.CERangeSlider;
				PRODUCT_NAME = "$(TARGET_NAME)";
			};
			name = Release;
		};
/* End XCBuildConfiguration section */

/* Begin XCConfigurationList section */
		1B1C5DDD1C8EC804004A4F2E /* Build configuration list for PBXProject "CERangeSlider" */ = {
			isa = XCConfigurationList;
			buildConfigurations = (
				1B1C5DF71C8EC804004A4F2E /* Debug */,
				1B1C5DF81C8EC804004A4F2E /* Release */,
			);
			defaultConfigurationIsVisible = 0;
			defaultConfigurationName = Release;
		};
		1B1C5DF91C8EC804004A4F2E /* Build configuration list for PBXNativeTarget "CERangeSlider" */ = {
			isa = XCConfigurationList;
			buildConfigurations = (
				1B1C5DFA1C8EC804004A4F2E /* Debug */,
				1B1C5DFB1C8EC804004A4F2E /* Release */,
			);
			defaultConfigurationIsVisible = 0;
		};
/* End XCConfigurationList section */
	};
	rootObject = 1B1C5DDA1C8EC804004A4F2E /* Project object */;
}
